// !$*UTF8*$!
{
	archiveVersion = 1;
	classes = {
	};
	objectVersion = 77;
	objects = {

/* Begin PBXContainerItemProxy section */
		5C2DF3D82D9B677E000EE409 /* PBXContainerItemProxy */ = {
			isa = PBXContainerItemProxy;
			containerPortal = 5C2DF3BF2D9B677B000EE409 /* Project object */;
			proxyType = 1;
			remoteGlobalIDString = 5C2DF3C62D9B677B000EE409;
			remoteInfo = ShapesGridApp;
		};
		5C2DF3E22D9B677E000EE409 /* PBXContainerItemProxy */ = {
			isa = PBXContainerItemProxy;
			containerPortal = 5C2DF3BF2D9B677B000EE409 /* Project object */;
			proxyType = 1;
			remoteGlobalIDString = 5C2DF3C62D9B677B000EE409;
			remoteInfo = ShapesGridApp;
		};
/* End PBXContainerItemProxy section */

/* Begin PBXFileReference section */
		5C2DF3C72D9B677B000EE409 /* ShapesGridApp.app */ = {isa = PBXFileReference; explicitFileType = wrapper.application; includeInIndex = 0; path = ShapesGridApp.app; sourceTree = BUILT_PRODUCTS_DIR; };
		5C2DF3D72D9B677E000EE409 /* ShapesGridAppTests.xctest */ = {isa = PBXFileReference; explicitFileType = wrapper.cfbundle; includeInIndex = 0; path = ShapesGridAppTests.xctest; sourceTree = BUILT_PRODUCTS_DIR; };
		5C2DF3E12D9B677E000EE409 /* ShapesGridAppUITests.xctest */ = {isa = PBXFileReference; explicitFileType = wrapper.cfbundle; includeInIndex = 0; path = ShapesGridAppUITests.xctest; sourceTree = BUILT_PRODUCTS_DIR; };
/* End PBXFileReference section */

/* Begin PBXFileSystemSynchronizedRootGroup section */
		5C2DF3C92D9B677B000EE409 /* ShapesGridApp */ = {
			isa = PBXFileSystemSynchronizedRootGroup;
			path = ShapesGridApp;
			sourceTree = "<group>";
		};
		5C2DF3DA2D9B677E000EE409 /* ShapesGridAppTests */ = {
			isa = PBXFileSystemSynchronizedRootGroup;
			path = ShapesGridAppTests;
			sourceTree = "<group>";
		};
		5C2DF3E42D9B677E000EE409 /* ShapesGridAppUITests */ = {
			isa = PBXFileSystemSynchronizedRootGroup;
			path = ShapesGridAppUITests;
			sourceTree = "<group>";
		};
/* End PBXFileSystemSynchronizedRootGroup section */

/* Begin PBXFrameworksBuildPhase section */
		5C2DF3C42D9B677B000EE409 /* Frameworks */ = {
			isa = PBXFrameworksBuildPhase;
			buildActionMask = 2147483647;
			files = (
			);
			runOnlyForDeploymentPostprocessing = 0;
		};
		5C2DF3D42D9B677E000EE409 /* Frameworks */ = {
			isa = PBXFrameworksBuildPhase;
			buildActionMask = 2147483647;
			files = (
			);
			runOnlyForDeploymentPostprocessing = 0;
		};
		5C2DF3DE2D9B677E000EE409 /* Frameworks */ = {
			isa = PBXFrameworksBuildPhase;
			buildActionMask = 2147483647;
			files = (
			);
			runOnlyForDeploymentPostprocessing = 0;
		};
/* End PBXFrameworksBuildPhase section */

/* Begin PBXGroup section */
		5C2DF3BE2D9B677B000EE409 = {
			isa = PBXGroup;
			children = (
				5C2DF3C92D9B677B000EE409 /* ShapesGridApp */,
				5C2DF3DA2D9B677E000EE409 /* ShapesGridAppTests */,
				5C2DF3E42D9B677E000EE409 /* ShapesGridAppUITests */,
				5C2DF3C82D9B677B000EE409 /* Products */,
			);
			sourceTree = "<group>";
		};
		5C2DF3C82D9B677B000EE409 /* Products */ = {
			isa = PBXGroup;
			children = (
				5C2DF3C72D9B677B000EE409 /* ShapesGridApp.app */,
				5C2DF3D72D9B677E000EE409 /* ShapesGridAppTests.xctest */,
				5C2DF3E12D9B677E000EE409 /* ShapesGridAppUITests.xctest */,
			);
			name = Products;
			sourceTree = "<group>";
		};
/* End PBXGroup section */

/* Begin PBXNativeTarget section */
		5C2DF3C62D9B677B000EE409 /* ShapesGridApp */ = {
			isa = PBXNativeTarget;
			buildConfigurationList = 5C2DF3EB2D9B677E000EE409 /* Build configuration list for PBXNativeTarget "ShapesGridApp" */;
			buildPhases = (
				5C2DF3C32D9B677B000EE409 /* Sources */,
				5C2DF3C42D9B677B000EE409 /* Frameworks */,
				5C2DF3C52D9B677B000EE409 /* Resources */,
			);
			buildRules = (
			);
			dependencies = (
			);
			fileSystemSynchronizedGroups = (
				5C2DF3C92D9B677B000EE409 /* ShapesGridApp */,
			);
			name = ShapesGridApp;
			packageProductDependencies = (
			);
			productName = ShapesGridApp;
			productReference = 5C2DF3C72D9B677B000EE409 /* ShapesGridApp.app */;
			productType = "com.apple.product-type.application";
		};
		5C2DF3D62D9B677E000EE409 /* ShapesGridAppTests */ = {
			isa = PBXNativeTarget;
			buildConfigurationList = 5C2DF3EE2D9B677E000EE409 /* Build configuration list for PBXNativeTarget "ShapesGridAppTests" */;
			buildPhases = (
				5C2DF3D32D9B677E000EE409 /* Sources */,
				5C2DF3D42D9B677E000EE409 /* Frameworks */,
				5C2DF3D52D9B677E000EE409 /* Resources */,
			);
			buildRules = (
			);
			dependencies = (
				5C2DF3D92D9B677E000EE409 /* PBXTargetDependency */,
			);
			fileSystemSynchronizedGroups = (
				5C2DF3DA2D9B677E000EE409 /* ShapesGridAppTests */,
			);
			name = ShapesGridAppTests;
			packageProductDependencies = (
			);
			productName = ShapesGridAppTests;
			productReference = 5C2DF3D72D9B677E000EE409 /* ShapesGridAppTests.xctest */;
			productType = "com.apple.product-type.bundle.unit-test";
		};
		5C2DF3E02D9B677E000EE409 /* ShapesGridAppUITests */ = {
			isa = PBXNativeTarget;
			buildConfigurationList = 5C2DF3F12D9B677E000EE409 /* Build configuration list for PBXNativeTarget "ShapesGridAppUITests" */;
			buildPhases = (
				5C2DF3DD2D9B677E000EE409 /* Sources */,
				5C2DF3DE2D9B677E000EE409 /* Frameworks */,
				5C2DF3DF2D9B677E000EE409 /* Resources */,
			);
			buildRules = (
			);
			dependencies = (
				5C2DF3E32D9B677E000EE409 /* PBXTargetDependency */,
			);
			fileSystemSynchronizedGroups = (
				5C2DF3E42D9B677E000EE409 /* ShapesGridAppUITests */,
			);
			name = ShapesGridAppUITests;
			packageProductDependencies = (
			);
			productName = ShapesGridAppUITests;
			productReference = 5C2DF3E12D9B677E000EE409 /* ShapesGridAppUITests.xctest */;
			productType = "com.apple.product-type.bundle.ui-testing";
		};
/* End PBXNativeTarget section */

/* Begin PBXProject section */
		5C2DF3BF2D9B677B000EE409 /* Project object */ = {
			isa = PBXProject;
			attributes = {
				BuildIndependentTargetsInParallel = 1;
				LastSwiftUpdateCheck = 1620;
				LastUpgradeCheck = 1620;
				TargetAttributes = {
					5C2DF3C62D9B677B000EE409 = {
						CreatedOnToolsVersion = 16.2;
					};
					5C2DF3D62D9B677E000EE409 = {
						CreatedOnToolsVersion = 16.2;
						TestTargetID = 5C2DF3C62D9B677B000EE409;
					};
					5C2DF3E02D9B677E000EE409 = {
						CreatedOnToolsVersion = 16.2;
						TestTargetID = 5C2DF3C62D9B677B000EE409;
					};
				};
			};
			buildConfigurationList = 5C2DF3C22D9B677B000EE409 /* Build configuration list for PBXProject "ShapesGridApp" */;
			developmentRegion = en;
			hasScannedForEncodings = 0;
			knownRegions = (
				en,
				Base,
			);
			mainGroup = 5C2DF3BE2D9B677B000EE409;
			minimizedProjectReferenceProxies = 1;
			preferredProjectObjectVersion = 77;
			productRefGroup = 5C2DF3C82D9B677B000EE409 /* Products */;
			projectDirPath = "";
			projectRoot = "";
			targets = (
				5C2DF3C62D9B677B000EE409 /* ShapesGridApp */,
				5C2DF3D62D9B677E000EE409 /* ShapesGridAppTests */,
				5C2DF3E02D9B677E000EE409 /* ShapesGridAppUITests */,
			);
		};
/* End PBXProject section */

/* Begin PBXResourcesBuildPhase section */
		5C2DF3C52D9B677B000EE409 /* Resources */ = {
			isa = PBXResourcesBuildPhase;
			buildActionMask = 2147483647;
			files = (
			);
			runOnlyForDeploymentPostprocessing = 0;
		};
		5C2DF3D52D9B677E000EE409 /* Resources */ = {
			isa = PBXResourcesBuildPhase;
			buildActionMask = 2147483647;
			files = (
			);
			runOnlyForDeploymentPostprocessing = 0;
		};
		5C2DF3DF2D9B677E000EE409 /* Resources */ = {
			isa = PBXResourcesBuildPhase;
			buildActionMask = 2147483647;
			files = (
			);
			runOnlyForDeploymentPostprocessing = 0;
		};
/* End PBXResourcesBuildPhase section */

/* Begin PBXSourcesBuildPhase section */
		5C2DF3C32D9B677B000EE409 /* Sources */ = {
			isa = PBXSourcesBuildPhase;
			buildActionMask = 2147483647;
			files = (
			);
			runOnlyForDeploymentPostprocessing = 0;
		};
		5C2DF3D32D9B677E000EE409 /* Sources */ = {
			isa = PBXSourcesBuildPhase;
			buildActionMask = 2147483647;
			files = (
			);
			runOnlyForDeploymentPostprocessing = 0;
		};
		5C2DF3DD2D9B677E000EE409 /* Sources */ = {
			isa = PBXSourcesBuildPhase;
			buildActionMask = 2147483647;
			files = (
			);
			runOnlyForDeploymentPostprocessing = 0;
		};
/* End PBXSourcesBuildPhase section */

/* Begin PBXTargetDependency section */
		5C2DF3D92D9B677E000EE409 /* PBXTargetDependency */ = {
			isa = PBXTargetDependency;
			target = 5C2DF3C62D9B677B000EE409 /* ShapesGridApp */;
			targetProxy = 5C2DF3D82D9B677E000EE409 /* PBXContainerItemProxy */;
		};
		5C2DF3E32D9B677E000EE409 /* PBXTargetDependency */ = {
			isa = PBXTargetDependency;
			target = 5C2DF3C62D9B677B000EE409 /* ShapesGridApp */;
			targetProxy = 5C2DF3E22D9B677E000EE409 /* PBXContainerItemProxy */;
		};
/* End PBXTargetDependency section */

/* Begin XCBuildConfiguration section */
		5C2DF3E92D9B677E000EE409 /* Debug */ = {
			isa = XCBuildConfiguration;
			buildSettings = {
				ALWAYS_SEARCH_USER_PATHS = NO;
				ASSETCATALOG_COMPILER_GENERATE_SWIFT_ASSET_SYMBOL_EXTENSIONS = YES;
				CLANG_ANALYZER_NONNULL = YES;
				CLANG_ANALYZER_NUMBER_OBJECT_CONVERSION = YES_AGGRESSIVE;
				CLANG_CXX_LANGUAGE_STANDARD = "gnu++20";
				CLANG_ENABLE_MODULES = YES;
				CLANG_ENABLE_OBJC_ARC = YES;
				CLANG_ENABLE_OBJC_WEAK = YES;
				CLANG_WARN_BLOCK_CAPTURE_AUTORELEASING = YES;
				CLANG_WARN_BOOL_CONVERSION = YES;
				CLANG_WARN_COMMA = YES;
				CLANG_WARN_CONSTANT_CONVERSION = YES;
				CLANG_WARN_DEPRECATED_OBJC_IMPLEMENTATIONS = YES;
				CLANG_WARN_DIRECT_OBJC_ISA_USAGE = YES_ERROR;
				CLANG_WARN_DOCUMENTATION_COMMENTS = YES;
				CLANG_WARN_EMPTY_BODY = YES;
				CLANG_WARN_ENUM_CONVERSION = YES;
				CLANG_WARN_INFINITE_RECURSION = YES;
				CLANG_WARN_INT_CONVERSION = YES;
				CLANG_WARN_NON_LITERAL_NULL_CONVERSION = YES;
				CLANG_WARN_OBJC_IMPLICIT_RETAIN_SELF = YES;
				CLANG_WARN_OBJC_LITERAL_CONVERSION = YES;
				CLANG_WARN_OBJC_ROOT_CLASS = YES_ERROR;
				CLANG_WARN_QUOTED_INCLUDE_IN_FRAMEWORK_HEADER = YES;
				CLANG_WARN_RANGE_LOOP_ANALYSIS = YES;
				CLANG_WARN_STRICT_PROTOTYPES = YES;
				CLANG_WARN_SUSPICIOUS_MOVE = YES;
				CLANG_WARN_UNGUARDED_AVAILABILITY = YES_AGGRESSIVE;
				CLANG_WARN_UNREACHABLE_CODE = YES;
				CLANG_WARN__DUPLICATE_METHOD_MATCH = YES;
				COPY_PHASE_STRIP = NO;
				DEBUG_INFORMATION_FORMAT = dwarf;
				ENABLE_STRICT_OBJC_MSGSEND = YES;
				ENABLE_TESTABILITY = YES;
				ENABLE_USER_SCRIPT_SANDBOXING = YES;
				GCC_C_LANGUAGE_STANDARD = gnu17;
				GCC_DYNAMIC_NO_PIC = NO;
				GCC_NO_COMMON_BLOCKS = YES;
				GCC_OPTIMIZATION_LEVEL = 0;
				GCC_PREPROCESSOR_DEFINITIONS = (
					"DEBUG=1",
					"$(inherited)",
				);
				GCC_WARN_64_TO_32_BIT_CONVERSION = YES;
				GCC_WARN_ABOUT_RETURN_TYPE = YES_ERROR;
				GCC_WARN_UNDECLARED_SELECTOR = YES;
				GCC_WARN_UNINITIALIZED_AUTOS = YES_AGGRESSIVE;
				GCC_WARN_UNUSED_FUNCTION = YES;
				GCC_WARN_UNUSED_VARIABLE = YES;
				IPHONEOS_DEPLOYMENT_TARGET = 18.2;
				LOCALIZATION_PREFERS_STRING_CATALOGS = YES;
				MTL_ENABLE_DEBUG_INFO = INCLUDE_SOURCE;
				MTL_FAST_MATH = YES;
				ONLY_ACTIVE_ARCH = YES;
				SDKROOT = iphoneos;
				SWIFT_ACTIVE_COMPILATION_CONDITIONS = "DEBUG $(inherited)";
				SWIFT_OPTIMIZATION_LEVEL = "-Onone";
			};
			name = Debug;
		};
		5C2DF3EA2D9B677E000EE409 /* Release */ = {
			isa = XCBuildConfiguration;
			buildSettings = {
				ALWAYS_SEARCH_USER_PATHS = NO;
				ASSETCATALOG_COMPILER_GENERATE_SWIFT_ASSET_SYMBOL_EXTENSIONS = YES;
				CLANG_ANALYZER_NONNULL = YES;
				CLANG_ANALYZER_NUMBER_OBJECT_CONVERSION = YES_AGGRESSIVE;
				CLANG_CXX_LANGUAGE_STANDARD = "gnu++20";
				CLANG_ENABLE_MODULES = YES;
				CLANG_ENABLE_OBJC_ARC = YES;
				CLANG_ENABLE_OBJC_WEAK = YES;
				CLANG_WARN_BLOCK_CAPTURE_AUTORELEASING = YES;
				CLANG_WARN_BOOL_CONVERSION = YES;
				CLANG_WARN_COMMA = YES;
				CLANG_WARN_CONSTANT_CONVERSION = YES;
				CLANG_WARN_DEPRECATED_OBJC_IMPLEMENTATIONS = YES;
				CLANG_WARN_DIRECT_OBJC_ISA_USAGE = YES_ERROR;
				CLANG_WARN_DOCUMENTATION_COMMENTS = YES;
				CLANG_WARN_EMPTY_BODY = YES;
				CLANG_WARN_ENUM_CONVERSION = YES;
				CLANG_WARN_INFINITE_RECURSION = YES;
				CLANG_WARN_INT_CONVERSION = YES;
				CLANG_WARN_NON_LITERAL_NULL_CONVERSION = YES;
				CLANG_WARN_OBJC_IMPLICIT_RETAIN_SELF = YES;
				CLANG_WARN_OBJC_LITERAL_CONVERSION = YES;
				CLANG_WARN_OBJC_ROOT_CLASS = YES_ERROR;
				CLANG_WARN_QUOTED_INCLUDE_IN_FRAMEWORK_HEADER = YES;
				CLANG_WARN_RANGE_LOOP_ANALYSIS = YES;
				CLANG_WARN_STRICT_PROTOTYPES = YES;
				CLANG_WARN_SUSPICIOUS_MOVE = YES;
				CLANG_WARN_UNGUARDED_AVAILABILITY = YES_AGGRESSIVE;
				CLANG_WARN_UNREACHABLE_CODE = YES;
				CLANG_WARN__DUPLICATE_METHOD_MATCH = YES;
				COPY_PHASE_STRIP = NO;
				DEBUG_INFORMATION_FORMAT = "dwarf-with-dsym";
				ENABLE_NS_ASSERTIONS = NO;
				ENABLE_STRICT_OBJC_MSGSEND = YES;
				ENABLE_USER_SCRIPT_SANDBOXING = YES;
				GCC_C_LANGUAGE_STANDARD = gnu17;
				GCC_NO_COMMON_BLOCKS = YES;
				GCC_WARN_64_TO_32_BIT_CONVERSION = YES;
				GCC_WARN_ABOUT_RETURN_TYPE = YES_ERROR;
				GCC_WARN_UNDECLARED_SELECTOR = YES;
				GCC_WARN_UNINITIALIZED_AUTOS = YES_AGGRESSIVE;
				GCC_WARN_UNUSED_FUNCTION = YES;
				GCC_WARN_UNUSED_VARIABLE = YES;
				IPHONEOS_DEPLOYMENT_TARGET = 18.2;
				LOCALIZATION_PREFERS_STRING_CATALOGS = YES;
				MTL_ENABLE_DEBUG_INFO = NO;
				MTL_FAST_MATH = YES;
				SDKROOT = iphoneos;
				SWIFT_COMPILATION_MODE = wholemodule;
				VALIDATE_PRODUCT = YES;
			};
			name = Release;
		};
		5C2DF3EC2D9B677E000EE409 /* Debug */ = {
			isa = XCBuildConfiguration;
			buildSettings = {
				ASSETCATALOG_COMPILER_APPICON_NAME = AppIcon;
				ASSETCATALOG_COMPILER_GLOBAL_ACCENT_COLOR_NAME = AccentColor;
				CODE_SIGN_STYLE = Automatic;
				CURRENT_PROJECT_VERSION = 1;
				DEVELOPMENT_ASSET_PATHS = "\"ShapesGridApp/Preview Content\"";
				DEVELOPMENT_TEAM = LMC9JS3WT4;
				ENABLE_PREVIEWS = YES;
				GENERATE_INFOPLIST_FILE = YES;
				INFOPLIST_KEY_UIApplicationSceneManifest_Generation = YES;
				INFOPLIST_KEY_UIApplicationSupportsIndirectInputEvents = YES;
				INFOPLIST_KEY_UILaunchScreen_Generation = YES;
				INFOPLIST_KEY_UISupportedInterfaceOrientations_iPad = "UIInterfaceOrientationPortrait UIInterfaceOrientationPortraitUpsideDown UIInterfaceOrientationLandscapeLeft UIInterfaceOrientationLandscapeRight";
				INFOPLIST_KEY_UISupportedInterfaceOrientations_iPhone = "UIInterfaceOrientationPortrait UIInterfaceOrientationLandscapeLeft UIInterfaceOrientationLandscapeRight";
				LD_RUNPATH_SEARCH_PATHS = (
					"$(inherited)",
					"@executable_path/Frameworks",
				);
				MARKETING_VERSION = 1.0;
				PRODUCT_BUNDLE_IDENTIFIER = com.AmeriGas.Capture.ShapesGridApp;
				PRODUCT_NAME = "$(TARGET_NAME)";
				SWIFT_EMIT_LOC_STRINGS = YES;
				SWIFT_VERSION = 5.0;
				TARGETED_DEVICE_FAMILY = "1,2";
			};
			name = Debug;
		};
		5C2DF3ED2D9B677E000EE409 /* Release */ = {
			isa = XCBuildConfiguration;
			buildSettings = {
				ASSETCATALOG_COMPILER_APPICON_NAME = AppIcon;
				ASSETCATALOG_COMPILER_GLOBAL_ACCENT_COLOR_NAME = AccentColor;
				CODE_SIGN_STYLE = Automatic;
				CURRENT_PROJECT_VERSION = 1;
				DEVELOPMENT_ASSET_PATHS = "\"ShapesGridApp/Preview Content\"";
				DEVELOPMENT_TEAM = LMC9JS3WT4;
				ENABLE_PREVIEWS = YES;
				GENERATE_INFOPLIST_FILE = YES;
				INFOPLIST_KEY_UIApplicationSceneManifest_Generation = YES;
				INFOPLIST_KEY_UIApplicationSupportsIndirectInputEvents = YES;
				INFOPLIST_KEY_UILaunchScreen_Generation = YES;
				INFOPLIST_KEY_UISupportedInterfaceOrientations_iPad = "UIInterfaceOrientationPortrait UIInterfaceOrientationPortraitUpsideDown UIInterfaceOrientationLandscapeLeft UIInterfaceOrientationLandscapeRight";
				INFOPLIST_KEY_UISupportedInterfaceOrientations_iPhone = "UIInterfaceOrientationPortrait UIInterfaceOrientationLandscapeLeft UIInterfaceOrientationLandscapeRight";
				LD_RUNPATH_SEARCH_PATHS = (
					"$(inherited)",
					"@executable_path/Frameworks",
				);
				MARKETING_VERSION = 1.0;
				PRODUCT_BUNDLE_IDENTIFIER = com.AmeriGas.Capture.ShapesGridApp;
				PRODUCT_NAME = "$(TARGET_NAME)";
				SWIFT_EMIT_LOC_STRINGS = YES;
				SWIFT_VERSION = 5.0;
				TARGETED_DEVICE_FAMILY = "1,2";
			};
			name = Release;
		};
		5C2DF3EF2D9B677E000EE409 /* Debug */ = {
			isa = XCBuildConfiguration;
			buildSettings = {
				BUNDLE_LOADER = "$(TEST_HOST)";
				CODE_SIGN_STYLE = Automatic;
				CURRENT_PROJECT_VERSION = 1;
				DEVELOPMENT_TEAM = LMC9JS3WT4;
				GENERATE_INFOPLIST_FILE = YES;
				IPHONEOS_DEPLOYMENT_TARGET = 18.2;
				MARKETING_VERSION = 1.0;
				PRODUCT_BUNDLE_IDENTIFIER = com.AmeriGas.Capture.ShapesGridAppTests;
				PRODUCT_NAME = "$(TARGET_NAME)";
				SWIFT_EMIT_LOC_STRINGS = NO;
				SWIFT_VERSION = 5.0;
				TARGETED_DEVICE_FAMILY = "1,2";
				TEST_HOST = "$(BUILT_PRODUCTS_DIR)/ShapesGridApp.app/$(BUNDLE_EXECUTABLE_FOLDER_PATH)/ShapesGridApp";
			};
			name = Debug;
		};
		5C2DF3F02D9B677E000EE409 /* Release */ = {
			isa = XCBuildConfiguration;
			buildSettings = {
				BUNDLE_LOADER = "$(TEST_HOST)";
				CODE_SIGN_STYLE = Automatic;
				CURRENT_PROJECT_VERSION = 1;
				DEVELOPMENT_TEAM = LMC9JS3WT4;
				GENERATE_INFOPLIST_FILE = YES;
				IPHONEOS_DEPLOYMENT_TARGET = 18.2;
				MARKETING_VERSION = 1.0;
				PRODUCT_BUNDLE_IDENTIFIER = com.AmeriGas.Capture.ShapesGridAppTests;
				PRODUCT_NAME = "$(TARGET_NAME)";
				SWIFT_EMIT_LOC_STRINGS = NO;
				SWIFT_VERSION = 5.0;
				TARGETED_DEVICE_FAMILY = "1,2";
				TEST_HOST = "$(BUILT_PRODUCTS_DIR)/ShapesGridApp.app/$(BUNDLE_EXECUTABLE_FOLDER_PATH)/ShapesGridApp";
			};
			name = Release;
		};
		5C2DF3F22D9B677E000EE409 /* Debug */ = {
			isa = XCBuildConfiguration;
			buildSettings = {
				CODE_SIGN_STYLE = Automatic;
				CURRENT_PROJECT_VERSION = 1;
				DEVELOPMENT_TEAM = LMC9JS3WT4;
				GENERATE_INFOPLIST_FILE = YES;
				MARKETING_VERSION = 1.0;
				PRODUCT_BUNDLE_IDENTIFIER = com.AmeriGas.Capture.ShapesGridAppUITests;
				PRODUCT_NAME = "$(TARGET_NAME)";
				SWIFT_EMIT_LOC_STRINGS = NO;
				SWIFT_VERSION = 5.0;
				TARGETED_DEVICE_FAMILY = "1,2";
				TEST_TARGET_NAME = ShapesGridApp;
			};
			name = Debug;
		};
		5C2DF3F32D9B677E000EE409 /* Release */ = {
			isa = XCBuildConfiguration;
			buildSettings = {
				CODE_SIGN_STYLE = Automatic;
				CURRENT_PROJECT_VERSION = 1;
				DEVELOPMENT_TEAM = LMC9JS3WT4;
				GENERATE_INFOPLIST_FILE = YES;
				MARKETING_VERSION = 1.0;
				PRODUCT_BUNDLE_IDENTIFIER = com.AmeriGas.Capture.ShapesGridAppUITests;
				PRODUCT_NAME = "$(TARGET_NAME)";
				SWIFT_EMIT_LOC_STRINGS = NO;
				SWIFT_VERSION = 5.0;
				TARGETED_DEVICE_FAMILY = "1,2";
				TEST_TARGET_NAME = ShapesGridApp;
			};
			name = Release;
		};
/* End XCBuildConfiguration section */

/* Begin XCConfigurationList section */
		5C2DF3C22D9B677B000EE409 /* Build configuration list for PBXProject "ShapesGridApp" */ = {
			isa = XCConfigurationList;
			buildConfigurations = (
				5C2DF3E92D9B677E000EE409 /* Debug */,
				5C2DF3EA2D9B677E000EE409 /* Release */,
			);
			defaultConfigurationIsVisible = 0;
			defaultConfigurationName = Release;
		};
		5C2DF3EB2D9B677E000EE409 /* Build configuration list for PBXNativeTarget "ShapesGridApp" */ = {
			isa = XCConfigurationList;
			buildConfigurations = (
				5C2DF3EC2D9B677E000EE409 /* Debug */,
				5C2DF3ED2D9B677E000EE409 /* Release */,
			);
			defaultConfigurationIsVisible = 0;
			defaultConfigurationName = Release;
		};
		5C2DF3EE2D9B677E000EE409 /* Build configuration list for PBXNativeTarget "ShapesGridAppTests" */ = {
			isa = XCConfigurationList;
			buildConfigurations = (
				5C2DF3EF2D9B677E000EE409 /* Debug */,
				5C2DF3F02D9B677E000EE409 /* Release */,
			);
			defaultConfigurationIsVisible = 0;
			defaultConfigurationName = Release;
		};
		5C2DF3F12D9B677E000EE409 /* Build configuration list for PBXNativeTarget "ShapesGridAppUITests" */ = {
			isa = XCConfigurationList;
			buildConfigurations = (
				5C2DF3F22D9B677E000EE409 /* Debug */,
				5C2DF3F32D9B677E000EE409 /* Release */,
			);
			defaultConfigurationIsVisible = 0;
			defaultConfigurationName = Release;
		};
/* End XCConfigurationList section */
	};
	rootObject = 5C2DF3BF2D9B677B000EE409 /* Project object */;
}
